# This file is autogenerated, do not edit; changes may be undone by the next 'dep ensure'.


[[projects]]
  branch = "master"
  name = "github.com/beego/mux"
  packages = ["."]
  revision = "6660b4b5accbb383fac89498e57d3250d5e907ac"

[[projects]]
  name = "go.uber.org/atomic"
  packages = ["."]
  revision = "1ea20fb1cbb1cc08cbd0d913a96dead89aa18289"
  version = "v1.3.2"

[[projects]]
  name = "go.uber.org/zap"
  packages = [
    ".",
    "buffer",
    "internal/bufferpool",
    "internal/color",
    "internal/exit",
    "internal/multierror",
    "zapcore"
  ]
  revision = "6a4e056f2cc954cfec3581729e758909604b3f76"
  version = "v1.3.0"

[solve-meta]
  analyzer-name = "dep"
  analyzer-version = 1
  inputs-digest = "b09c1497771f6fe7cdfcf61ab1a026ccc909f4801c08f2c25f186f93f14526b0"
  solver-name = "gps-cdcl"
  solver-version = 1
